
Microsoft Visual Studio Solution File, Format Version 12.00
Project("{FAE04EC0-301F-11D3-BF4B-00C04F79EFBC}") = "JurassicCode", "JurassicCode\JurassicCode.csproj", "{68999C46-A9E4-4EE7-A899-119B18E3333F}"
EndProject
Project("{FAE04EC0-301F-11D3-BF4B-00C04F79EFBC}") = "JurassicCode.Tests", "JurassicCode.Tests\JurassicCode.Tests.csproj", "{D208D5FF-11F1-4A5F-9FE2-AA0E45E41EB0}"
EndProject
Project("{FAE04EC0-301F-11D3-BF4B-00C04F79EFBC}") = "JurassicCode.API", "JurassicCode.API\JurassicCode.API.csproj", "{19605E22-6737-4B61-ABA4-2C0763F5BBDC}"
EndProject
Global
	GlobalSection(SolutionConfigurationPlatforms) = preSolution
		Debug|Any CPU = Debug|Any CPU
		Release|Any CPU = Release|Any CPU
	EndGlobalSection
	GlobalSection(ProjectConfigurationPlatforms) = postSolution
		{68999C46-A9E4-4EE7-A899-119B18E3333F}.Debug|Any CPU.ActiveCfg = Debug|Any CPU
		{68999C46-A9E4-4EE7-A899-119B18E3333F}.Debug|Any CPU.Build.0 = Debug|Any CPU
		{68999C46-A9E4-4EE7-A899-119B18E3333F}.Release|Any CPU.ActiveCfg = Release|Any CPU
		{68999C46-A9E4-4EE7-A899-119B18E3333F}.Release|Any CPU.Build.0 = Release|Any CPU
		{D208D5FF-11F1-4A5F-9FE2-AA0E45E41EB0}.Debug|Any CPU.ActiveCfg = Debug|Any CPU
		{D208D5FF-11F1-4A5F-9FE2-AA0E45E41EB0}.Debug|Any CPU.Build.0 = Debug|Any CPU
		{D208D5FF-11F1-4A5F-9FE2-AA0E45E41EB0}.Release|Any CPU.ActiveCfg = Release|Any CPU
		{D208D5FF-11F1-4A5F-9FE2-AA0E45E41EB0}.Release|Any CPU.Build.0 = Release|Any CPU
		{19605E22-6737-4B61-ABA4-2C0763F5BBDC}.Debug|Any CPU.ActiveCfg = Debug|Any CPU
		{19605E22-6737-4B61-ABA4-2C0763F5BBDC}.Debug|Any CPU.Build.0 = Debug|Any CPU
		{19605E22-6737-4B61-ABA4-2C0763F5BBDC}.Release|Any CPU.ActiveCfg = Release|Any CPU
		{19605E22-6737-4B61-ABA4-2C0763F5BBDC}.Release|Any CPU.Build.0 = Release|Any CPU
	EndGlobalSection
EndGlobal
